
Microsoft Visual Studio Solution File, Format Version 12.00
# Visual Studio Version 17
VisualStudioVersion = 17.5.002.0
MinimumVisualStudioVersion = 10.0.40219.1
Project("{9A19103F-16F7-4668-BE54-9A1E7A4F7556}") = "ToDo", "ToDo.csproj", "{4AE539D8-FEA7-449C-A70F-1A3C50DED323}"
EndProject
Global
	GlobalSection(SolutionConfigurationPlatforms) = preSolution
		Debug|Any CPU = Debug|Any CPU
		Release|Any CPU = Release|Any CPU
	EndGlobalSection
	GlobalSection(ProjectConfigurationPlatforms) = postSolution
		{4AE539D8-FEA7-449C-A70F-1A3C50DED323}.Debug|Any CPU.ActiveCfg = Debug|Any CPU
		{4AE539D8-FEA7-449C-A70F-1A3C50DED323}.Debug|Any CPU.Build.0 = Debug|Any CPU
		{4AE539D8-FEA7-449C-A70F-1A3C50DED323}.Release|Any CPU.ActiveCfg = Release|Any CPU
		{4AE539D8-FEA7-449C-A70F-1A3C50DED323}.Release|Any CPU.Build.0 = Release|Any CPU
	EndGlobalSection
	GlobalSection(SolutionProperties) = preSolution
		HideSolutionNode = FALSE
	EndGlobalSection
	GlobalSection(ExtensibilityGlobals) = postSolution
		SolutionGuid = {ADFC9DF3-BA0D-4C55-A425-07FE567E0331}
	EndGlobalSection
EndGlobal
